
Microsoft Visual Studio Solution File, Format Version 12.00
# Visual Studio Version 17
VisualStudioVersion = 17.1.32421.90
MinimumVisualStudioVersion = 10.0.40219.1
Project("{9A19103F-16F7-4668-BE54-9A1E7A4F7556}") = "APICovid", "API-Covid\APICovid.csproj", "{A7BCB8AD-31CC-4720-AA3E-D4100DE34C29}"
EndProject
Global
	GlobalSection(SolutionConfigurationPlatforms) = preSolution
		Debug|Any CPU = Debug|Any CPU
		Release|Any CPU = Release|Any CPU
	EndGlobalSection
	GlobalSection(ProjectConfigurationPlatforms) = postSolution
		{A7BCB8AD-31CC-4720-AA3E-D4100DE34C29}.Debug|Any CPU.ActiveCfg = Debug|Any CPU
		{A7BCB8AD-31CC-4720-AA3E-D4100DE34C29}.Debug|Any CPU.Build.0 = Debug|Any CPU
		{A7BCB8AD-31CC-4720-AA3E-D4100DE34C29}.Release|Any CPU.ActiveCfg = Release|Any CPU
		{A7BCB8AD-31CC-4720-AA3E-D4100DE34C29}.Release|Any CPU.Build.0 = Release|Any CPU
	EndGlobalSection
	GlobalSection(SolutionProperties) = preSolution
		HideSolutionNode = FALSE
	EndGlobalSection
	GlobalSection(ExtensibilityGlobals) = postSolution
		SolutionGuid = {D4DAB82F-3A07-44A5-8501-53EC64D4028A}
	EndGlobalSection
EndGlobal
